github.com/betates/go-module v1.0.0 h1:Hb2jjdI7QfifXeqQs1TLlYW+BWPCLzHc3FHWFju2WGY=
github.com/betates/go-module v1.0.0/go.mod h1:cBlvf3GToeTVV3z/npffBaXKfikumdT+7gcBEYegMHE=
github.com/betates/go-module v1.1.0 h1:obvaTM0iHpPpqENBRjxcsw4qFEyVJderAUUSYcSBmqU=
github.com/betates/go-module v1.1.0/go.mod h1:cBlvf3GToeTVV3z/npffBaXKfikumdT+7gcBEYegMHE=
github.com/betates/go-module/v2 v2.0.0 h1:P+kg7zNs0bdpobxc+kef5v8ZW4ulxRjQcmOAJ6wh5YI=
github.com/betates/go-module/v2 v2.0.0/go.mod h1:b/s3kK/D1OfgOtNzIrlAeb9tCpy62IxWuTTw0r7QE8o=
